
Microsoft Visual Studio Solution File, Format Version 12.00
# Visual Studio 15
VisualStudioVersion = 15.0.27428.2015
MinimumVisualStudioVersion = 10.0.40219.1
Project("{FAE04EC0-301F-11D3-BF4B-00C04F79EFBC}") = "UserManagement", "UserManagement\UserManagement.csproj", "{CC18FE27-A64C-4C4E-909A-FDE4B52BE7EC}"
EndProject
Global
	GlobalSection(SolutionConfigurationPlatforms) = preSolution
		Debug|Any CPU = Debug|Any CPU
		Release|Any CPU = Release|Any CPU
	EndGlobalSection
	GlobalSection(ProjectConfigurationPlatforms) = postSolution
		{CC18FE27-A64C-4C4E-909A-FDE4B52BE7EC}.Debug|Any CPU.ActiveCfg = Debug|Any CPU
		{CC18FE27-A64C-4C4E-909A-FDE4B52BE7EC}.Debug|Any CPU.Build.0 = Debug|Any CPU
		{CC18FE27-A64C-4C4E-909A-FDE4B52BE7EC}.Release|Any CPU.ActiveCfg = Release|Any CPU
		{CC18FE27-A64C-4C4E-909A-FDE4B52BE7EC}.Release|Any CPU.Build.0 = Release|Any CPU
	EndGlobalSection
	GlobalSection(SolutionProperties) = preSolution
		HideSolutionNode = FALSE
	EndGlobalSection
	GlobalSection(ExtensibilityGlobals) = postSolution
		SolutionGuid = {A78F91F4-F6FA-4CBA-8F85-6091145EE4F7}
	EndGlobalSection
EndGlobal
