
Microsoft Visual Studio Solution File, Format Version 12.00
# Visual Studio Version 16
VisualStudioVersion = 16.0.29613.14
MinimumVisualStudioVersion = 10.0.40219.1
Project("{FAE04EC0-301F-11D3-BF4B-00C04F79EFBC}") = "IW5_Xamarin.Android", "IW5_Xamarin\IW5_Xamarin.Android\IW5_Xamarin.Android.csproj", "{81170920-A7BB-4E5F-8F9F-ACEA69A00EA1}"
EndProject
Project("{FAE04EC0-301F-11D3-BF4B-00C04F79EFBC}") = "IW5_Xamarin.iOS", "IW5_Xamarin\IW5_Xamarin.iOS\IW5_Xamarin.iOS.csproj", "{F178CC5B-F718-4FF5-AE4B-F3FB44F239B9}"
EndProject
Project("{FAE04EC0-301F-11D3-BF4B-00C04F79EFBC}") = "IW5_Xamarin", "IW5_Xamarin\IW5_Xamarin\IW5_Xamarin.csproj", "{C2D487AE-6B9C-4B3D-AAAD-16E68C2A1A7F}"
EndProject
Global
	GlobalSection(SolutionConfigurationPlatforms) = preSolution
		Debug|Any CPU = Debug|Any CPU
		Debug|iPhone = Debug|iPhone
		Debug|iPhoneSimulator = Debug|iPhoneSimulator
		Release|Any CPU = Release|Any CPU
		Release|iPhone = Release|iPhone
		Release|iPhoneSimulator = Release|iPhoneSimulator
	EndGlobalSection
	GlobalSection(ProjectConfigurationPlatforms) = postSolution
		{81170920-A7BB-4E5F-8F9F-ACEA69A00EA1}.Debug|Any CPU.ActiveCfg = Debug|Any CPU
		{81170920-A7BB-4E5F-8F9F-ACEA69A00EA1}.Debug|Any CPU.Build.0 = Debug|Any CPU
		{81170920-A7BB-4E5F-8F9F-ACEA69A00EA1}.Debug|Any CPU.Deploy.0 = Debug|Any CPU
		{81170920-A7BB-4E5F-8F9F-ACEA69A00EA1}.Debug|iPhone.ActiveCfg = Debug|Any CPU
		{81170920-A7BB-4E5F-8F9F-ACEA69A00EA1}.Debug|iPhone.Build.0 = Debug|Any CPU
		{81170920-A7BB-4E5F-8F9F-ACEA69A00EA1}.Debug|iPhone.Deploy.0 = Debug|Any CPU
		{81170920-A7BB-4E5F-8F9F-ACEA69A00EA1}.Debug|iPhoneSimulator.ActiveCfg = Debug|Any CPU
		{81170920-A7BB-4E5F-8F9F-ACEA69A00EA1}.Debug|iPhoneSimulator.Build.0 = Debug|Any CPU
		{81170920-A7BB-4E5F-8F9F-ACEA69A00EA1}.Debug|iPhoneSimulator.Deploy.0 = Debug|Any CPU
		{81170920-A7BB-4E5F-8F9F-ACEA69A00EA1}.Release|Any CPU.ActiveCfg = Release|Any CPU
		{81170920-A7BB-4E5F-8F9F-ACEA69A00EA1}.Release|Any CPU.Build.0 = Release|Any CPU
		{81170920-A7BB-4E5F-8F9F-ACEA69A00EA1}.Release|Any CPU.Deploy.0 = Release|Any CPU
		{81170920-A7BB-4E5F-8F9F-ACEA69A00EA1}.Release|iPhone.ActiveCfg = Release|Any CPU
		{81170920-A7BB-4E5F-8F9F-ACEA69A00EA1}.Release|iPhone.Build.0 = Release|Any CPU
		{81170920-A7BB-4E5F-8F9F-ACEA69A00EA1}.Release|iPhone.Deploy.0 = Release|Any CPU
		{81170920-A7BB-4E5F-8F9F-ACEA69A00EA1}.Release|iPhoneSimulator.ActiveCfg = Release|Any CPU
		{81170920-A7BB-4E5F-8F9F-ACEA69A00EA1}.Release|iPhoneSimulator.Build.0 = Release|Any CPU
		{81170920-A7BB-4E5F-8F9F-ACEA69A00EA1}.Release|iPhoneSimulator.Deploy.0 = Release|Any CPU
		{F178CC5B-F718-4FF5-AE4B-F3FB44F239B9}.Debug|Any CPU.ActiveCfg = Debug|iPhoneSimulator
		{F178CC5B-F718-4FF5-AE4B-F3FB44F239B9}.Debug|Any CPU.Build.0 = Debug|iPhoneSimulator
		{F178CC5B-F718-4FF5-AE4B-F3FB44F239B9}.Debug|Any CPU.Deploy.0 = Debug|iPhoneSimulator
		{F178CC5B-F718-4FF5-AE4B-F3FB44F239B9}.Debug|iPhone.ActiveCfg = Debug|iPhone
		{F178CC5B-F718-4FF5-AE4B-F3FB44F239B9}.Debug|iPhone.Build.0 = Debug|iPhone
		{F178CC5B-F718-4FF5-AE4B-F3FB44F239B9}.Debug|iPhone.Deploy.0 = Debug|iPhone
		{F178CC5B-F718-4FF5-AE4B-F3FB44F239B9}.Debug|iPhoneSimulator.ActiveCfg = Debug|iPhoneSimulator
		{F178CC5B-F718-4FF5-AE4B-F3FB44F239B9}.Debug|iPhoneSimulator.Build.0 = Debug|iPhoneSimulator
		{F178CC5B-F718-4FF5-AE4B-F3FB44F239B9}.Debug|iPhoneSimulator.Deploy.0 = Debug|iPhoneSimulator
		{F178CC5B-F718-4FF5-AE4B-F3FB44F239B9}.Release|Any CPU.ActiveCfg = Release|iPhone
		{F178CC5B-F718-4FF5-AE4B-F3FB44F239B9}.Release|Any CPU.Build.0 = Release|iPhone
		{F178CC5B-F718-4FF5-AE4B-F3FB44F239B9}.Release|Any CPU.Deploy.0 = Release|iPhone
		{F178CC5B-F718-4FF5-AE4B-F3FB44F239B9}.Release|iPhone.ActiveCfg = Release|iPhone
		{F178CC5B-F718-4FF5-AE4B-F3FB44F239B9}.Release|iPhone.Build.0 = Release|iPhone
		{F178CC5B-F718-4FF5-AE4B-F3FB44F239B9}.Release|iPhone.Deploy.0 = Release|iPhone
		{F178CC5B-F718-4FF5-AE4B-F3FB44F239B9}.Release|iPhoneSimulator.ActiveCfg = Release|iPhoneSimulator
		{F178CC5B-F718-4FF5-AE4B-F3FB44F239B9}.Release|iPhoneSimulator.Build.0 = Release|iPhoneSimulator
		{F178CC5B-F718-4FF5-AE4B-F3FB44F239B9}.Release|iPhoneSimulator.Deploy.0 = Release|iPhoneSimulator
		{C2D487AE-6B9C-4B3D-AAAD-16E68C2A1A7F}.Debug|Any CPU.ActiveCfg = Debug|Any CPU
		{C2D487AE-6B9C-4B3D-AAAD-16E68C2A1A7F}.Debug|Any CPU.Build.0 = Debug|Any CPU
		{C2D487AE-6B9C-4B3D-AAAD-16E68C2A1A7F}.Debug|Any CPU.Deploy.0 = Debug|Any CPU
		{C2D487AE-6B9C-4B3D-AAAD-16E68C2A1A7F}.Debug|iPhone.ActiveCfg = Debug|Any CPU
		{C2D487AE-6B9C-4B3D-AAAD-16E68C2A1A7F}.Debug|iPhone.Build.0 = Debug|Any CPU
		{C2D487AE-6B9C-4B3D-AAAD-16E68C2A1A7F}.Debug|iPhone.Deploy.0 = Debug|Any CPU
		{C2D487AE-6B9C-4B3D-AAAD-16E68C2A1A7F}.Debug|iPhoneSimulator.ActiveCfg = Debug|Any CPU
		{C2D487AE-6B9C-4B3D-AAAD-16E68C2A1A7F}.Debug|iPhoneSimulator.Build.0 = Debug|Any CPU
		{C2D487AE-6B9C-4B3D-AAAD-16E68C2A1A7F}.Debug|iPhoneSimulator.Deploy.0 = Debug|Any CPU
		{C2D487AE-6B9C-4B3D-AAAD-16E68C2A1A7F}.Release|Any CPU.ActiveCfg = Release|Any CPU
		{C2D487AE-6B9C-4B3D-AAAD-16E68C2A1A7F}.Release|Any CPU.Build.0 = Release|Any CPU
		{C2D487AE-6B9C-4B3D-AAAD-16E68C2A1A7F}.Release|Any CPU.Deploy.0 = Release|Any CPU
		{C2D487AE-6B9C-4B3D-AAAD-16E68C2A1A7F}.Release|iPhone.ActiveCfg = Release|Any CPU
		{C2D487AE-6B9C-4B3D-AAAD-16E68C2A1A7F}.Release|iPhone.Build.0 = Release|Any CPU
		{C2D487AE-6B9C-4B3D-AAAD-16E68C2A1A7F}.Release|iPhone.Deploy.0 = Release|Any CPU
		{C2D487AE-6B9C-4B3D-AAAD-16E68C2A1A7F}.Release|iPhoneSimulator.ActiveCfg = Release|Any CPU
		{C2D487AE-6B9C-4B3D-AAAD-16E68C2A1A7F}.Release|iPhoneSimulator.Build.0 = Release|Any CPU
		{C2D487AE-6B9C-4B3D-AAAD-16E68C2A1A7F}.Release|iPhoneSimulator.Deploy.0 = Release|Any CPU
	EndGlobalSection
	GlobalSection(SolutionProperties) = preSolution
		HideSolutionNode = FALSE
	EndGlobalSection
	GlobalSection(ExtensibilityGlobals) = postSolution
		SolutionGuid = {14B18F9D-59AE-48DA-8CBD-7D62503C98CE}
	EndGlobalSection
EndGlobal
