
Microsoft Visual Studio Solution File, Format Version 12.00
# Visual Studio Version 16
VisualStudioVersion = 16.0.29806.167
MinimumVisualStudioVersion = 10.0.40219.1
Project("{9A19103F-16F7-4668-BE54-9A1E7A4F7556}") = "CookBook.Api", "CookBook.Api\CookBook.Api.csproj", "{29A8C5FE-6F4F-4E1A-9E47-9301618839EF}"
EndProject
Project("{9A19103F-16F7-4668-BE54-9A1E7A4F7556}") = "CookBook.BL.Api", "CookBook.BL.Api\CookBook.BL.Api.csproj", "{E3C65D4C-3D59-4778-BAA0-87E43BCCD866}"
EndProject
Project("{9A19103F-16F7-4668-BE54-9A1E7A4F7556}") = "CookBook.Common", "CookBook.Common\CookBook.Common.csproj", "{359ED7FA-EEE9-4CA5-BFF8-9AA7B6C0E3E2}"
EndProject
Project("{9A19103F-16F7-4668-BE54-9A1E7A4F7556}") = "CookBook.DAL", "CookBook.DAL\CookBook.DAL.csproj", "{C87E176D-6BFA-4924-B584-9D3640EAB3E2}"
EndProject
Project("{9A19103F-16F7-4668-BE54-9A1E7A4F7556}") = "CookBook.BL.Common", "CookBook.BL.Common\CookBook.BL.Common.csproj", "{3EE5A708-5D27-427A-8C1F-8F79CD354D7C}"
EndProject
Project("{2150E333-8FDC-42A3-9474-1A3956D46DE8}") = "Api", "Api", "{CE4F5F83-8F08-4F26-A46D-52370701657D}"
EndProject
Project("{2150E333-8FDC-42A3-9474-1A3956D46DE8}") = "Common", "Common", "{B0D29453-EF11-404D-89B5-7B9D32D11B3F}"
EndProject
Project("{2150E333-8FDC-42A3-9474-1A3956D46DE8}") = "Web", "Web", "{777F05CE-DC73-46AE-BA0F-CCF368D381A1}"
EndProject
Project("{9A19103F-16F7-4668-BE54-9A1E7A4F7556}") = "CookBook.Web", "CookBook.Web\CookBook.Web.csproj", "{B4643A2F-18BB-476B-BF47-8F27C7C0E847}"
EndProject
Project("{9A19103F-16F7-4668-BE54-9A1E7A4F7556}") = "CookBook.Models", "CookBook.Models\CookBook.Models.csproj", "{55F90B9C-084E-49FC-9D61-A638068886E2}"
EndProject
Global
	GlobalSection(SolutionConfigurationPlatforms) = preSolution
		Debug|Any CPU = Debug|Any CPU
		Release|Any CPU = Release|Any CPU
	EndGlobalSection
	GlobalSection(ProjectConfigurationPlatforms) = postSolution
		{29A8C5FE-6F4F-4E1A-9E47-9301618839EF}.Debug|Any CPU.ActiveCfg = Debug|Any CPU
		{29A8C5FE-6F4F-4E1A-9E47-9301618839EF}.Debug|Any CPU.Build.0 = Debug|Any CPU
		{29A8C5FE-6F4F-4E1A-9E47-9301618839EF}.Release|Any CPU.ActiveCfg = Release|Any CPU
		{29A8C5FE-6F4F-4E1A-9E47-9301618839EF}.Release|Any CPU.Build.0 = Release|Any CPU
		{E3C65D4C-3D59-4778-BAA0-87E43BCCD866}.Debug|Any CPU.ActiveCfg = Debug|Any CPU
		{E3C65D4C-3D59-4778-BAA0-87E43BCCD866}.Debug|Any CPU.Build.0 = Debug|Any CPU
		{E3C65D4C-3D59-4778-BAA0-87E43BCCD866}.Release|Any CPU.ActiveCfg = Release|Any CPU
		{E3C65D4C-3D59-4778-BAA0-87E43BCCD866}.Release|Any CPU.Build.0 = Release|Any CPU
		{359ED7FA-EEE9-4CA5-BFF8-9AA7B6C0E3E2}.Debug|Any CPU.ActiveCfg = Debug|Any CPU
		{359ED7FA-EEE9-4CA5-BFF8-9AA7B6C0E3E2}.Debug|Any CPU.Build.0 = Debug|Any CPU
		{359ED7FA-EEE9-4CA5-BFF8-9AA7B6C0E3E2}.Release|Any CPU.ActiveCfg = Release|Any CPU
		{359ED7FA-EEE9-4CA5-BFF8-9AA7B6C0E3E2}.Release|Any CPU.Build.0 = Release|Any CPU
		{C87E176D-6BFA-4924-B584-9D3640EAB3E2}.Debug|Any CPU.ActiveCfg = Debug|Any CPU
		{C87E176D-6BFA-4924-B584-9D3640EAB3E2}.Debug|Any CPU.Build.0 = Debug|Any CPU
		{C87E176D-6BFA-4924-B584-9D3640EAB3E2}.Release|Any CPU.ActiveCfg = Release|Any CPU
		{C87E176D-6BFA-4924-B584-9D3640EAB3E2}.Release|Any CPU.Build.0 = Release|Any CPU
		{3EE5A708-5D27-427A-8C1F-8F79CD354D7C}.Debug|Any CPU.ActiveCfg = Debug|Any CPU
		{3EE5A708-5D27-427A-8C1F-8F79CD354D7C}.Debug|Any CPU.Build.0 = Debug|Any CPU
		{3EE5A708-5D27-427A-8C1F-8F79CD354D7C}.Release|Any CPU.ActiveCfg = Release|Any CPU
		{3EE5A708-5D27-427A-8C1F-8F79CD354D7C}.Release|Any CPU.Build.0 = Release|Any CPU
		{B4643A2F-18BB-476B-BF47-8F27C7C0E847}.Debug|Any CPU.ActiveCfg = Debug|Any CPU
		{B4643A2F-18BB-476B-BF47-8F27C7C0E847}.Debug|Any CPU.Build.0 = Debug|Any CPU
		{B4643A2F-18BB-476B-BF47-8F27C7C0E847}.Release|Any CPU.ActiveCfg = Release|Any CPU
		{B4643A2F-18BB-476B-BF47-8F27C7C0E847}.Release|Any CPU.Build.0 = Release|Any CPU
		{55F90B9C-084E-49FC-9D61-A638068886E2}.Debug|Any CPU.ActiveCfg = Debug|Any CPU
		{55F90B9C-084E-49FC-9D61-A638068886E2}.Debug|Any CPU.Build.0 = Debug|Any CPU
		{55F90B9C-084E-49FC-9D61-A638068886E2}.Release|Any CPU.ActiveCfg = Release|Any CPU
		{55F90B9C-084E-49FC-9D61-A638068886E2}.Release|Any CPU.Build.0 = Release|Any CPU
	EndGlobalSection
	GlobalSection(SolutionProperties) = preSolution
		HideSolutionNode = FALSE
	EndGlobalSection
	GlobalSection(NestedProjects) = preSolution
		{29A8C5FE-6F4F-4E1A-9E47-9301618839EF} = {CE4F5F83-8F08-4F26-A46D-52370701657D}
		{E3C65D4C-3D59-4778-BAA0-87E43BCCD866} = {CE4F5F83-8F08-4F26-A46D-52370701657D}
		{359ED7FA-EEE9-4CA5-BFF8-9AA7B6C0E3E2} = {B0D29453-EF11-404D-89B5-7B9D32D11B3F}
		{C87E176D-6BFA-4924-B584-9D3640EAB3E2} = {CE4F5F83-8F08-4F26-A46D-52370701657D}
		{3EE5A708-5D27-427A-8C1F-8F79CD354D7C} = {B0D29453-EF11-404D-89B5-7B9D32D11B3F}
		{B4643A2F-18BB-476B-BF47-8F27C7C0E847} = {777F05CE-DC73-46AE-BA0F-CCF368D381A1}
		{55F90B9C-084E-49FC-9D61-A638068886E2} = {B0D29453-EF11-404D-89B5-7B9D32D11B3F}
	EndGlobalSection
	GlobalSection(ExtensibilityGlobals) = postSolution
		SolutionGuid = {10E5D329-1983-4C74-838B-CA0CFC4A2256}
	EndGlobalSection
EndGlobal
