
Microsoft Visual Studio Solution File, Format Version 12.00
# Visual Studio 14
VisualStudioVersion = 14.0.24720.0
MinimumVisualStudioVersion = 10.0.40219.1
Project("{FAE04EC0-301F-11D3-BF4B-00C04F79EFBC}") = "IW5 OOP", "IW5 OOP\IW5 OOP.csproj", "{B8F666D3-B445-4DEE-A1E6-211B7309BE71}"
EndProject
Project("{FAE04EC0-301F-11D3-BF4B-00C04F79EFBC}") = "EFSimpleExample", "EFSimpleExample\EFSimpleExample.csproj", "{1B1D7B64-0BC5-42F0-BE52-C24B0EF9B611}"
EndProject
Global
	GlobalSection(SolutionConfigurationPlatforms) = preSolution
		Debug|Any CPU = Debug|Any CPU
		Release|Any CPU = Release|Any CPU
	EndGlobalSection
	GlobalSection(ProjectConfigurationPlatforms) = postSolution
		{B8F666D3-B445-4DEE-A1E6-211B7309BE71}.Debug|Any CPU.ActiveCfg = Debug|Any CPU
		{B8F666D3-B445-4DEE-A1E6-211B7309BE71}.Debug|Any CPU.Build.0 = Debug|Any CPU
		{B8F666D3-B445-4DEE-A1E6-211B7309BE71}.Release|Any CPU.ActiveCfg = Release|Any CPU
		{B8F666D3-B445-4DEE-A1E6-211B7309BE71}.Release|Any CPU.Build.0 = Release|Any CPU
		{1B1D7B64-0BC5-42F0-BE52-C24B0EF9B611}.Debug|Any CPU.ActiveCfg = Debug|Any CPU
		{1B1D7B64-0BC5-42F0-BE52-C24B0EF9B611}.Debug|Any CPU.Build.0 = Debug|Any CPU
		{1B1D7B64-0BC5-42F0-BE52-C24B0EF9B611}.Release|Any CPU.ActiveCfg = Release|Any CPU
		{1B1D7B64-0BC5-42F0-BE52-C24B0EF9B611}.Release|Any CPU.Build.0 = Release|Any CPU
	EndGlobalSection
	GlobalSection(SolutionProperties) = preSolution
		HideSolutionNode = FALSE
	EndGlobalSection
EndGlobal
