
Microsoft Visual Studio Solution File, Format Version 12.00
# Visual Studio 15
VisualStudioVersion = 15.0.26228.4
MinimumVisualStudioVersion = 10.0.40219.1
Project("{2150E333-8FDC-42A3-9474-1A3956D46DE8}") = "Tests", "Tests", "{F6262EAF-DFD7-40EF-A155-6A4C85E6943D}"
EndProject
Project("{FAE04EC0-301F-11D3-BF4B-00C04F79EFBC}") = "CookBook.App", "CookBook.App\CookBook.App.csproj", "{9FE5CEF4-1AD0-4B7E-984C-AE908F7B5F3A}"
EndProject
Project("{9A19103F-16F7-4668-BE54-9A1E7A4F7556}") = "CookBook.DAL", "CookBook.DAL\CookBook.DAL.csproj", "{AA812E3A-F7DF-451F-A490-D9E41CCE11C4}"
EndProject
Project("{9A19103F-16F7-4668-BE54-9A1E7A4F7556}") = "CookBook.BL", "CookBook.BL\CookBook.BL.csproj", "{EEF7ECEA-F622-4E01-941D-C96A215C4167}"
EndProject
Project("{FAE04EC0-301F-11D3-BF4B-00C04F79EFBC}") = "CookBook.Tests", "CookBook.Tests\CookBook.Tests.csproj", "{3CF47F1F-6A2B-480F-B95D-403BE8079A49}"
EndProject
Global
	GlobalSection(SolutionConfigurationPlatforms) = preSolution
		Debug|Any CPU = Debug|Any CPU
		Release|Any CPU = Release|Any CPU
	EndGlobalSection
	GlobalSection(ProjectConfigurationPlatforms) = postSolution
		{9FE5CEF4-1AD0-4B7E-984C-AE908F7B5F3A}.Debug|Any CPU.ActiveCfg = Debug|Any CPU
		{9FE5CEF4-1AD0-4B7E-984C-AE908F7B5F3A}.Debug|Any CPU.Build.0 = Debug|Any CPU
		{9FE5CEF4-1AD0-4B7E-984C-AE908F7B5F3A}.Release|Any CPU.ActiveCfg = Release|Any CPU
		{9FE5CEF4-1AD0-4B7E-984C-AE908F7B5F3A}.Release|Any CPU.Build.0 = Release|Any CPU
		{AA812E3A-F7DF-451F-A490-D9E41CCE11C4}.Debug|Any CPU.ActiveCfg = Debug|Any CPU
		{AA812E3A-F7DF-451F-A490-D9E41CCE11C4}.Debug|Any CPU.Build.0 = Debug|Any CPU
		{AA812E3A-F7DF-451F-A490-D9E41CCE11C4}.Release|Any CPU.ActiveCfg = Release|Any CPU
		{AA812E3A-F7DF-451F-A490-D9E41CCE11C4}.Release|Any CPU.Build.0 = Release|Any CPU
		{EEF7ECEA-F622-4E01-941D-C96A215C4167}.Debug|Any CPU.ActiveCfg = Debug|Any CPU
		{EEF7ECEA-F622-4E01-941D-C96A215C4167}.Debug|Any CPU.Build.0 = Debug|Any CPU
		{EEF7ECEA-F622-4E01-941D-C96A215C4167}.Release|Any CPU.ActiveCfg = Release|Any CPU
		{EEF7ECEA-F622-4E01-941D-C96A215C4167}.Release|Any CPU.Build.0 = Release|Any CPU
		{3CF47F1F-6A2B-480F-B95D-403BE8079A49}.Debug|Any CPU.ActiveCfg = Debug|Any CPU
		{3CF47F1F-6A2B-480F-B95D-403BE8079A49}.Debug|Any CPU.Build.0 = Debug|Any CPU
		{3CF47F1F-6A2B-480F-B95D-403BE8079A49}.Release|Any CPU.ActiveCfg = Release|Any CPU
		{3CF47F1F-6A2B-480F-B95D-403BE8079A49}.Release|Any CPU.Build.0 = Release|Any CPU
	EndGlobalSection
	GlobalSection(SolutionProperties) = preSolution
		HideSolutionNode = FALSE
	EndGlobalSection
	GlobalSection(NestedProjects) = preSolution
		{3CF47F1F-6A2B-480F-B95D-403BE8079A49} = {F6262EAF-DFD7-40EF-A155-6A4C85E6943D}
	EndGlobalSection
	GlobalSection(ExtensibilityGlobals) = postSolution
		SolutionGuid = {7F6B12AB-695D-4082-ACB3-139831DD07DC}
	EndGlobalSection
EndGlobal
