
Microsoft Visual Studio Solution File, Format Version 12.00
# Visual Studio Version 16
VisualStudioVersion = 16.0.30309.148
MinimumVisualStudioVersion = 10.0.40219.1
Project("{9A19103F-16F7-4668-BE54-9A1E7A4F7556}") = "Exercise.Console", "Exercise.Console\Exercise.Console.csproj", "{37DBB380-0239-4322-872E-8E2FB4F4FA9F}"
EndProject
Project("{9A19103F-16F7-4668-BE54-9A1E7A4F7556}") = "Exercise.Console.Tests", "Exercise.Console.Tests\Exercise.Console.Tests.csproj", "{90B549A8-1F45-410C-9683-8AD3F1AE185A}"
EndProject
Global
	GlobalSection(SolutionConfigurationPlatforms) = preSolution
		Debug|Any CPU = Debug|Any CPU
		Release|Any CPU = Release|Any CPU
	EndGlobalSection
	GlobalSection(ProjectConfigurationPlatforms) = postSolution
		{37DBB380-0239-4322-872E-8E2FB4F4FA9F}.Debug|Any CPU.ActiveCfg = Debug|Any CPU
		{37DBB380-0239-4322-872E-8E2FB4F4FA9F}.Debug|Any CPU.Build.0 = Debug|Any CPU
		{37DBB380-0239-4322-872E-8E2FB4F4FA9F}.Release|Any CPU.ActiveCfg = Release|Any CPU
		{37DBB380-0239-4322-872E-8E2FB4F4FA9F}.Release|Any CPU.Build.0 = Release|Any CPU
		{90B549A8-1F45-410C-9683-8AD3F1AE185A}.Debug|Any CPU.ActiveCfg = Debug|Any CPU
		{90B549A8-1F45-410C-9683-8AD3F1AE185A}.Debug|Any CPU.Build.0 = Debug|Any CPU
		{90B549A8-1F45-410C-9683-8AD3F1AE185A}.Release|Any CPU.ActiveCfg = Release|Any CPU
		{90B549A8-1F45-410C-9683-8AD3F1AE185A}.Release|Any CPU.Build.0 = Release|Any CPU
	EndGlobalSection
	GlobalSection(SolutionProperties) = preSolution
		HideSolutionNode = FALSE
	EndGlobalSection
	GlobalSection(ExtensibilityGlobals) = postSolution
		SolutionGuid = {E493D415-F6F7-43CB-AA4F-6CF1A5443A05}
	EndGlobalSection
EndGlobal
