
Microsoft Visual Studio Solution File, Format Version 12.00
# Visual Studio Version 16
VisualStudioVersion = 16.0.29806.167
MinimumVisualStudioVersion = 10.0.40219.1
Project("{9A19103F-16F7-4668-BE54-9A1E7A4F7556}") = "CookBook.Web.MVC", "CookBook.Web.MVC\CookBook.Web.MVC.csproj", "{0496E910-5613-48DA-85D6-5A10204B38E1}"
EndProject
Project("{9A19103F-16F7-4668-BE54-9A1E7A4F7556}") = "CookBook.Api", "CookBook.Api\CookBook.Api.csproj", "{29A8C5FE-6F4F-4E1A-9E47-9301618839EF}"
EndProject
Project("{9A19103F-16F7-4668-BE54-9A1E7A4F7556}") = "CookBook.BL.Api", "CookBook.BL.Api\CookBook.BL.Api.csproj", "{E3C65D4C-3D59-4778-BAA0-87E43BCCD866}"
EndProject
Project("{9A19103F-16F7-4668-BE54-9A1E7A4F7556}") = "CookBook.Common", "CookBook.Common\CookBook.Common.csproj", "{359ED7FA-EEE9-4CA5-BFF8-9AA7B6C0E3E2}"
EndProject
Project("{9A19103F-16F7-4668-BE54-9A1E7A4F7556}") = "CookBook.DAL", "CookBook.DAL\CookBook.DAL.csproj", "{C87E176D-6BFA-4924-B584-9D3640EAB3E2}"
EndProject
Project("{9A19103F-16F7-4668-BE54-9A1E7A4F7556}") = "CookBook.BL.Web", "CookBook.BL.Web\CookBook.BL.Web.csproj", "{E1FD4261-6CB0-4DF0-B58B-F32EF186C369}"
EndProject
Project("{9A19103F-16F7-4668-BE54-9A1E7A4F7556}") = "CookBook.BL.Common", "CookBook.BL.Common\CookBook.BL.Common.csproj", "{3EE5A708-5D27-427A-8C1F-8F79CD354D7C}"
EndProject
Project("{2150E333-8FDC-42A3-9474-1A3956D46DE8}") = "Common", "Common", "{7AC610BB-4422-462D-9717-57F815BF9884}"
EndProject
Project("{2150E333-8FDC-42A3-9474-1A3956D46DE8}") = "Api", "Api", "{CFE6A7C3-C219-4C35-AC66-DA53A025AA0F}"
EndProject
Project("{2150E333-8FDC-42A3-9474-1A3956D46DE8}") = "Web - MVC", "Web - MVC", "{1665221F-7473-4C62-B32C-600A3BCBC599}"
EndProject
Project("{9A19103F-16F7-4668-BE54-9A1E7A4F7556}") = "CookBook.Models", "CookBook.Models\CookBook.Models.csproj", "{9886CCFD-0794-488B-860A-CB4A8ECCBBB2}"
EndProject
Project("{9A19103F-16F7-4668-BE54-9A1E7A4F7556}") = "CookBook.Localization", "CookBook.Localization\CookBook.Localization.csproj", "{B73CA0A5-0FCE-4937-8E9B-A958E541E2D2}"
EndProject
Project("{2150E333-8FDC-42A3-9474-1A3956D46DE8}") = "Web - Blazor", "Web - Blazor", "{73D5E51B-8CB0-4E19-B096-39F4B63631B6}"
EndProject
Project("{FAE04EC0-301F-11D3-BF4B-00C04F79EFBC}") = "CookBook.Web.Blazor", "CookBook.Web.Blazor\CookBook.Web.Blazor.csproj", "{1ED8706B-002A-43D6-8762-AE7925AE6AEE}"
EndProject
Global
	GlobalSection(SolutionConfigurationPlatforms) = preSolution
		Debug|Any CPU = Debug|Any CPU
		Release|Any CPU = Release|Any CPU
	EndGlobalSection
	GlobalSection(ProjectConfigurationPlatforms) = postSolution
		{0496E910-5613-48DA-85D6-5A10204B38E1}.Debug|Any CPU.ActiveCfg = Debug|Any CPU
		{0496E910-5613-48DA-85D6-5A10204B38E1}.Debug|Any CPU.Build.0 = Debug|Any CPU
		{0496E910-5613-48DA-85D6-5A10204B38E1}.Release|Any CPU.ActiveCfg = Release|Any CPU
		{0496E910-5613-48DA-85D6-5A10204B38E1}.Release|Any CPU.Build.0 = Release|Any CPU
		{29A8C5FE-6F4F-4E1A-9E47-9301618839EF}.Debug|Any CPU.ActiveCfg = Debug|Any CPU
		{29A8C5FE-6F4F-4E1A-9E47-9301618839EF}.Debug|Any CPU.Build.0 = Debug|Any CPU
		{29A8C5FE-6F4F-4E1A-9E47-9301618839EF}.Release|Any CPU.ActiveCfg = Release|Any CPU
		{29A8C5FE-6F4F-4E1A-9E47-9301618839EF}.Release|Any CPU.Build.0 = Release|Any CPU
		{E3C65D4C-3D59-4778-BAA0-87E43BCCD866}.Debug|Any CPU.ActiveCfg = Debug|Any CPU
		{E3C65D4C-3D59-4778-BAA0-87E43BCCD866}.Debug|Any CPU.Build.0 = Debug|Any CPU
		{E3C65D4C-3D59-4778-BAA0-87E43BCCD866}.Release|Any CPU.ActiveCfg = Release|Any CPU
		{E3C65D4C-3D59-4778-BAA0-87E43BCCD866}.Release|Any CPU.Build.0 = Release|Any CPU
		{359ED7FA-EEE9-4CA5-BFF8-9AA7B6C0E3E2}.Debug|Any CPU.ActiveCfg = Debug|Any CPU
		{359ED7FA-EEE9-4CA5-BFF8-9AA7B6C0E3E2}.Debug|Any CPU.Build.0 = Debug|Any CPU
		{359ED7FA-EEE9-4CA5-BFF8-9AA7B6C0E3E2}.Release|Any CPU.ActiveCfg = Release|Any CPU
		{359ED7FA-EEE9-4CA5-BFF8-9AA7B6C0E3E2}.Release|Any CPU.Build.0 = Release|Any CPU
		{C87E176D-6BFA-4924-B584-9D3640EAB3E2}.Debug|Any CPU.ActiveCfg = Debug|Any CPU
		{C87E176D-6BFA-4924-B584-9D3640EAB3E2}.Debug|Any CPU.Build.0 = Debug|Any CPU
		{C87E176D-6BFA-4924-B584-9D3640EAB3E2}.Release|Any CPU.ActiveCfg = Release|Any CPU
		{C87E176D-6BFA-4924-B584-9D3640EAB3E2}.Release|Any CPU.Build.0 = Release|Any CPU
		{E1FD4261-6CB0-4DF0-B58B-F32EF186C369}.Debug|Any CPU.ActiveCfg = Debug|Any CPU
		{E1FD4261-6CB0-4DF0-B58B-F32EF186C369}.Debug|Any CPU.Build.0 = Debug|Any CPU
		{E1FD4261-6CB0-4DF0-B58B-F32EF186C369}.Release|Any CPU.ActiveCfg = Release|Any CPU
		{E1FD4261-6CB0-4DF0-B58B-F32EF186C369}.Release|Any CPU.Build.0 = Release|Any CPU
		{3EE5A708-5D27-427A-8C1F-8F79CD354D7C}.Debug|Any CPU.ActiveCfg = Debug|Any CPU
		{3EE5A708-5D27-427A-8C1F-8F79CD354D7C}.Debug|Any CPU.Build.0 = Debug|Any CPU
		{3EE5A708-5D27-427A-8C1F-8F79CD354D7C}.Release|Any CPU.ActiveCfg = Release|Any CPU
		{3EE5A708-5D27-427A-8C1F-8F79CD354D7C}.Release|Any CPU.Build.0 = Release|Any CPU
		{9886CCFD-0794-488B-860A-CB4A8ECCBBB2}.Debug|Any CPU.ActiveCfg = Debug|Any CPU
		{9886CCFD-0794-488B-860A-CB4A8ECCBBB2}.Debug|Any CPU.Build.0 = Debug|Any CPU
		{9886CCFD-0794-488B-860A-CB4A8ECCBBB2}.Release|Any CPU.ActiveCfg = Release|Any CPU
		{9886CCFD-0794-488B-860A-CB4A8ECCBBB2}.Release|Any CPU.Build.0 = Release|Any CPU
		{B73CA0A5-0FCE-4937-8E9B-A958E541E2D2}.Debug|Any CPU.ActiveCfg = Debug|Any CPU
		{B73CA0A5-0FCE-4937-8E9B-A958E541E2D2}.Debug|Any CPU.Build.0 = Debug|Any CPU
		{B73CA0A5-0FCE-4937-8E9B-A958E541E2D2}.Release|Any CPU.ActiveCfg = Release|Any CPU
		{B73CA0A5-0FCE-4937-8E9B-A958E541E2D2}.Release|Any CPU.Build.0 = Release|Any CPU
		{1ED8706B-002A-43D6-8762-AE7925AE6AEE}.Debug|Any CPU.ActiveCfg = Debug|Any CPU
		{1ED8706B-002A-43D6-8762-AE7925AE6AEE}.Debug|Any CPU.Build.0 = Debug|Any CPU
		{1ED8706B-002A-43D6-8762-AE7925AE6AEE}.Release|Any CPU.ActiveCfg = Release|Any CPU
		{1ED8706B-002A-43D6-8762-AE7925AE6AEE}.Release|Any CPU.Build.0 = Release|Any CPU
	EndGlobalSection
	GlobalSection(SolutionProperties) = preSolution
		HideSolutionNode = FALSE
	EndGlobalSection
	GlobalSection(NestedProjects) = preSolution
		{0496E910-5613-48DA-85D6-5A10204B38E1} = {1665221F-7473-4C62-B32C-600A3BCBC599}
		{29A8C5FE-6F4F-4E1A-9E47-9301618839EF} = {CFE6A7C3-C219-4C35-AC66-DA53A025AA0F}
		{E3C65D4C-3D59-4778-BAA0-87E43BCCD866} = {CFE6A7C3-C219-4C35-AC66-DA53A025AA0F}
		{359ED7FA-EEE9-4CA5-BFF8-9AA7B6C0E3E2} = {7AC610BB-4422-462D-9717-57F815BF9884}
		{C87E176D-6BFA-4924-B584-9D3640EAB3E2} = {CFE6A7C3-C219-4C35-AC66-DA53A025AA0F}
		{E1FD4261-6CB0-4DF0-B58B-F32EF186C369} = {1665221F-7473-4C62-B32C-600A3BCBC599}
		{3EE5A708-5D27-427A-8C1F-8F79CD354D7C} = {7AC610BB-4422-462D-9717-57F815BF9884}
		{9886CCFD-0794-488B-860A-CB4A8ECCBBB2} = {7AC610BB-4422-462D-9717-57F815BF9884}
		{B73CA0A5-0FCE-4937-8E9B-A958E541E2D2} = {7AC610BB-4422-462D-9717-57F815BF9884}
		{1ED8706B-002A-43D6-8762-AE7925AE6AEE} = {73D5E51B-8CB0-4E19-B096-39F4B63631B6}
	EndGlobalSection
	GlobalSection(ExtensibilityGlobals) = postSolution
		SolutionGuid = {10E5D329-1983-4C74-838B-CA0CFC4A2256}
	EndGlobalSection
EndGlobal
