
Microsoft Visual Studio Solution File, Format Version 12.00
# Visual Studio Version 16
VisualStudioVersion = 16.0.29613.14
MinimumVisualStudioVersion = 10.0.40219.1
Project("{9A19103F-16F7-4668-BE54-9A1E7A4F7556}") = "SimpleWeaver", "SimpleWeaver\SimpleWeaver.csproj", "{F462A168-E324-4FF0-9590-BCBA2EEDB5F8}"
EndProject
Project("{9A19103F-16F7-4668-BE54-9A1E7A4F7556}") = "MyLogger", "MyLogger\MyLogger.csproj", "{AC8A4554-EE36-455C-8D96-3AA40426BD52}"
EndProject
Project("{9A19103F-16F7-4668-BE54-9A1E7A4F7556}") = "TestProgram", "TestProgram\TestProgram.csproj", "{099EE1AD-AC67-4E01-A212-547FF390311E}"
EndProject
Global
	GlobalSection(SolutionConfigurationPlatforms) = preSolution
		Debug|Any CPU = Debug|Any CPU
		Release|Any CPU = Release|Any CPU
	EndGlobalSection
	GlobalSection(ProjectConfigurationPlatforms) = postSolution
		{F462A168-E324-4FF0-9590-BCBA2EEDB5F8}.Debug|Any CPU.ActiveCfg = Debug|Any CPU
		{F462A168-E324-4FF0-9590-BCBA2EEDB5F8}.Debug|Any CPU.Build.0 = Debug|Any CPU
		{F462A168-E324-4FF0-9590-BCBA2EEDB5F8}.Release|Any CPU.ActiveCfg = Release|Any CPU
		{F462A168-E324-4FF0-9590-BCBA2EEDB5F8}.Release|Any CPU.Build.0 = Release|Any CPU
		{AC8A4554-EE36-455C-8D96-3AA40426BD52}.Debug|Any CPU.ActiveCfg = Debug|Any CPU
		{AC8A4554-EE36-455C-8D96-3AA40426BD52}.Debug|Any CPU.Build.0 = Debug|Any CPU
		{AC8A4554-EE36-455C-8D96-3AA40426BD52}.Release|Any CPU.ActiveCfg = Release|Any CPU
		{AC8A4554-EE36-455C-8D96-3AA40426BD52}.Release|Any CPU.Build.0 = Release|Any CPU
		{099EE1AD-AC67-4E01-A212-547FF390311E}.Debug|Any CPU.ActiveCfg = Debug|Any CPU
		{099EE1AD-AC67-4E01-A212-547FF390311E}.Debug|Any CPU.Build.0 = Debug|Any CPU
		{099EE1AD-AC67-4E01-A212-547FF390311E}.Release|Any CPU.ActiveCfg = Release|Any CPU
		{099EE1AD-AC67-4E01-A212-547FF390311E}.Release|Any CPU.Build.0 = Release|Any CPU
	EndGlobalSection
	GlobalSection(SolutionProperties) = preSolution
		HideSolutionNode = FALSE
	EndGlobalSection
	GlobalSection(ExtensibilityGlobals) = postSolution
		SolutionGuid = {3D6CAAA0-7E78-43B6-B19B-2EF67599CB32}
	EndGlobalSection
EndGlobal
