
Microsoft Visual Studio Solution File, Format Version 12.00
# Visual Studio Version 16
VisualStudioVersion = 16.0.29521.150
MinimumVisualStudioVersion = 10.0.40219.1
Project("{9A19103F-16F7-4668-BE54-9A1E7A4F7556}") = "CookBook.Api", "CookBook.Api\CookBook.Api.csproj", "{A5DBA920-1A0A-415F-9210-0B71BF6F0146}"
EndProject
Project("{9A19103F-16F7-4668-BE54-9A1E7A4F7556}") = "CookBook.DAL", "CookBook.DAL\CookBook.DAL.csproj", "{74073EE8-90E9-464E-AE08-2CEB6A669471}"
EndProject
Project("{9A19103F-16F7-4668-BE54-9A1E7A4F7556}") = "CookBook.BL.Api", "CookBook.BL.Api\CookBook.BL.Api.csproj", "{4CAB50BE-850D-4DAA-A6DB-29FE4FA4CD5C}"
EndProject
Project("{9A19103F-16F7-4668-BE54-9A1E7A4F7556}") = "CookBook.Common", "CookBook.Common\CookBook.Common.csproj", "{E326141A-5FEC-4F08-91FB-14732725B94A}"
EndProject
Project("{FAE04EC0-301F-11D3-BF4B-00C04F79EFBC}") = "CookBook.Console", "CookBook.Console\CookBook.Console.csproj", "{2C44873D-E68A-45E5-8B70-6699497BED27}"
EndProject
Global
	GlobalSection(SolutionConfigurationPlatforms) = preSolution
		Debug|Any CPU = Debug|Any CPU
		Release|Any CPU = Release|Any CPU
	EndGlobalSection
	GlobalSection(ProjectConfigurationPlatforms) = postSolution
		{A5DBA920-1A0A-415F-9210-0B71BF6F0146}.Debug|Any CPU.ActiveCfg = Debug|Any CPU
		{A5DBA920-1A0A-415F-9210-0B71BF6F0146}.Debug|Any CPU.Build.0 = Debug|Any CPU
		{A5DBA920-1A0A-415F-9210-0B71BF6F0146}.Release|Any CPU.ActiveCfg = Release|Any CPU
		{A5DBA920-1A0A-415F-9210-0B71BF6F0146}.Release|Any CPU.Build.0 = Release|Any CPU
		{74073EE8-90E9-464E-AE08-2CEB6A669471}.Debug|Any CPU.ActiveCfg = Debug|Any CPU
		{74073EE8-90E9-464E-AE08-2CEB6A669471}.Debug|Any CPU.Build.0 = Debug|Any CPU
		{74073EE8-90E9-464E-AE08-2CEB6A669471}.Release|Any CPU.ActiveCfg = Release|Any CPU
		{74073EE8-90E9-464E-AE08-2CEB6A669471}.Release|Any CPU.Build.0 = Release|Any CPU
		{4CAB50BE-850D-4DAA-A6DB-29FE4FA4CD5C}.Debug|Any CPU.ActiveCfg = Debug|Any CPU
		{4CAB50BE-850D-4DAA-A6DB-29FE4FA4CD5C}.Debug|Any CPU.Build.0 = Debug|Any CPU
		{4CAB50BE-850D-4DAA-A6DB-29FE4FA4CD5C}.Release|Any CPU.ActiveCfg = Release|Any CPU
		{4CAB50BE-850D-4DAA-A6DB-29FE4FA4CD5C}.Release|Any CPU.Build.0 = Release|Any CPU
		{E326141A-5FEC-4F08-91FB-14732725B94A}.Debug|Any CPU.ActiveCfg = Debug|Any CPU
		{E326141A-5FEC-4F08-91FB-14732725B94A}.Debug|Any CPU.Build.0 = Debug|Any CPU
		{E326141A-5FEC-4F08-91FB-14732725B94A}.Release|Any CPU.ActiveCfg = Release|Any CPU
		{E326141A-5FEC-4F08-91FB-14732725B94A}.Release|Any CPU.Build.0 = Release|Any CPU
		{2C44873D-E68A-45E5-8B70-6699497BED27}.Debug|Any CPU.ActiveCfg = Debug|Any CPU
		{2C44873D-E68A-45E5-8B70-6699497BED27}.Debug|Any CPU.Build.0 = Debug|Any CPU
		{2C44873D-E68A-45E5-8B70-6699497BED27}.Release|Any CPU.ActiveCfg = Release|Any CPU
		{2C44873D-E68A-45E5-8B70-6699497BED27}.Release|Any CPU.Build.0 = Release|Any CPU
	EndGlobalSection
	GlobalSection(SolutionProperties) = preSolution
		HideSolutionNode = FALSE
	EndGlobalSection
	GlobalSection(ExtensibilityGlobals) = postSolution
		SolutionGuid = {C07918A8-4F4E-4E5A-98D2-2A3DC08EEBC9}
	EndGlobalSection
EndGlobal
