
Microsoft Visual Studio Solution File, Format Version 12.00
# Visual Studio 2013
VisualStudioVersion = 12.0.31101.0
MinimumVisualStudioVersion = 10.0.40219.1
Project("{FAE04EC0-301F-11D3-BF4B-00C04F79EFBC}") = "FirstProgram", "FirstProgram.csproj", "{684661B1-6E94-4B42-B2E9-03F0A1828F2C}"
EndProject
Global
	GlobalSection(TeamFoundationVersionControl) = preSolution
		SccNumberOfProjects = 2
		SccEnterpriseProvider = {4CA58AB2-18FA-4F8D-95D4-32DDF27D184C}
		SccTeamFoundationServer = https://zdenek55.visualstudio.com/defaultcollection
		SccLocalPath0 = .
		SccProjectUniqueName1 = FirstProgram.csproj
		SccLocalPath1 = .
	EndGlobalSection
	GlobalSection(SolutionConfigurationPlatforms) = preSolution
		Debug|Any CPU = Debug|Any CPU
		Release|Any CPU = Release|Any CPU
	EndGlobalSection
	GlobalSection(ProjectConfigurationPlatforms) = postSolution
		{684661B1-6E94-4B42-B2E9-03F0A1828F2C}.Debug|Any CPU.ActiveCfg = Debug|Any CPU
		{684661B1-6E94-4B42-B2E9-03F0A1828F2C}.Debug|Any CPU.Build.0 = Debug|Any CPU
		{684661B1-6E94-4B42-B2E9-03F0A1828F2C}.Release|Any CPU.ActiveCfg = Release|Any CPU
		{684661B1-6E94-4B42-B2E9-03F0A1828F2C}.Release|Any CPU.Build.0 = Release|Any CPU
	EndGlobalSection
	GlobalSection(SolutionProperties) = preSolution
		HideSolutionNode = FALSE
	EndGlobalSection
EndGlobal
