
Microsoft Visual Studio Solution File, Format Version 12.00
# Visual Studio Version 17
VisualStudioVersion = 17.0.31423.177
MinimumVisualStudioVersion = 10.0.40219.1
Project("{9A19103F-16F7-4668-BE54-9A1E7A4F7556}") = "CookBook.Api.App", "CookBook.Api.App\CookBook.Api.App.csproj", "{29A8C5FE-6F4F-4E1A-9E47-9301618839EF}"
EndProject
Project("{9A19103F-16F7-4668-BE54-9A1E7A4F7556}") = "CookBook.Api.BL", "CookBook.Api.BL\CookBook.Api.BL.csproj", "{E3C65D4C-3D59-4778-BAA0-87E43BCCD866}"
EndProject
Project("{9A19103F-16F7-4668-BE54-9A1E7A4F7556}") = "CookBook.Common", "CookBook.Common\CookBook.Common.csproj", "{359ED7FA-EEE9-4CA5-BFF8-9AA7B6C0E3E2}"
EndProject
Project("{9A19103F-16F7-4668-BE54-9A1E7A4F7556}") = "CookBook.Common.BL", "CookBook.Common.BL\CookBook.Common.BL.csproj", "{3EE5A708-5D27-427A-8C1F-8F79CD354D7C}"
EndProject
Project("{2150E333-8FDC-42A3-9474-1A3956D46DE8}") = "Api", "Api", "{CE4F5F83-8F08-4F26-A46D-52370701657D}"
EndProject
Project("{2150E333-8FDC-42A3-9474-1A3956D46DE8}") = "Common", "Common", "{B0D29453-EF11-404D-89B5-7B9D32D11B3F}"
EndProject
Project("{2150E333-8FDC-42A3-9474-1A3956D46DE8}") = "Web", "Web", "{777F05CE-DC73-46AE-BA0F-CCF368D381A1}"
EndProject
Project("{9A19103F-16F7-4668-BE54-9A1E7A4F7556}") = "CookBook.Common.Models", "CookBook.Common.Models\CookBook.Common.Models.csproj", "{55F90B9C-084E-49FC-9D61-A638068886E2}"
EndProject
Project("{9A19103F-16F7-4668-BE54-9A1E7A4F7556}") = "CookBook.Web.App", "CookBook.Web.App\CookBook.Web.App.csproj", "{AE669C4D-FC6C-4E2F-8722-1D6FCE6FB0FD}"
EndProject
Project("{9A19103F-16F7-4668-BE54-9A1E7A4F7556}") = "CookBook.Web.BL", "CookBook.Web.BL\CookBook.Web.BL.csproj", "{0CCE7288-4F07-4F5A-8160-ACC5E7988DF2}"
EndProject
Project("{9A19103F-16F7-4668-BE54-9A1E7A4F7556}") = "CookBook.Web.DAL", "CookBook.Web.DAL\CookBook.Web.DAL.csproj", "{B0D7D099-6E7E-4476-A8FE-3573E5857BB6}"
EndProject
Project("{9A19103F-16F7-4668-BE54-9A1E7A4F7556}") = "CookBook.Api.DAL.Memory", "CookBook.Api.DAL.Memory\CookBook.Api.DAL.Memory.csproj", "{E914A67E-C3AC-45FB-9EDB-7062AE1C6E90}"
EndProject
Project("{2150E333-8FDC-42A3-9474-1A3956D46DE8}") = "Solution Items", "Solution Items", "{1B830E23-DE7F-451B-B5CC-EB70A66AD6BB}"
	ProjectSection(SolutionItems) = preProject
		.editorconfig = .editorconfig
	EndProjectSection
EndProject
Project("{2150E333-8FDC-42A3-9474-1A3956D46DE8}") = "DAL", "DAL", "{DA7BE6FF-5E94-4000-9BD7-A7DA82EF224F}"
EndProject
Project("{9A19103F-16F7-4668-BE54-9A1E7A4F7556}") = "CookBook.Api.DAL.Common", "CookBook.Api.DAL.Common\CookBook.Api.DAL.Common.csproj", "{EB5E8EB5-7F0B-4BDB-8045-617718084B46}"
EndProject
Project("{9A19103F-16F7-4668-BE54-9A1E7A4F7556}") = "CookBook.Api.DAL.EF", "CookBook.Api.DAL.EF\CookBook.Api.DAL.EF.csproj", "{EC6D7327-9903-4738-B5F4-ECAF8F993AA0}"
EndProject
Project("{2150E333-8FDC-42A3-9474-1A3956D46DE8}") = "BL", "BL", "{4411F92C-9E5A-4C6B-9E1E-84AD9180DF08}"
EndProject
Project("{9A19103F-16F7-4668-BE54-9A1E7A4F7556}") = "CookBook.Api.BL.UnitTests", "CookBook.Api.BL.UnitTests\CookBook.Api.BL.UnitTests.csproj", "{89797A6C-B555-4C60-8D7C-D80B5024217D}"
EndProject
Project("{9A19103F-16F7-4668-BE54-9A1E7A4F7556}") = "CookBook.API.DAL.IntegrationTests", "CookBook.API.DAL.IntegrationTests\CookBook.API.DAL.IntegrationTests.csproj", "{CDED4C89-4B14-4D77-8F6C-8E2889B706A0}"
EndProject
Project("{9A19103F-16F7-4668-BE54-9A1E7A4F7556}") = "CookBook.Api.App.EndToEndTests", "CookBook.Api.App.EndToEndTests\CookBook.Api.App.EndToEndTests.csproj", "{4087CC13-3279-4F7F-9723-4B86EC35FD39}"
EndProject
Project("{2150E333-8FDC-42A3-9474-1A3956D46DE8}") = "Identity", "Identity", "{09B8CE32-CBCC-4ABB-9E80-EAFC581410AD}"
EndProject
Project("{FAE04EC0-301F-11D3-BF4B-00C04F79EFBC}") = "CookBook.IdentityProvider", "CookBook.IdentityProvider\CookBook.IdentityProvider.csproj", "{57A403A4-1351-4F87-AA20-F2DE7A54F4CF}"
EndProject
Global
	GlobalSection(SolutionConfigurationPlatforms) = preSolution
		Debug|Any CPU = Debug|Any CPU
		Release|Any CPU = Release|Any CPU
	EndGlobalSection
	GlobalSection(ProjectConfigurationPlatforms) = postSolution
		{29A8C5FE-6F4F-4E1A-9E47-9301618839EF}.Debug|Any CPU.ActiveCfg = Debug|Any CPU
		{29A8C5FE-6F4F-4E1A-9E47-9301618839EF}.Debug|Any CPU.Build.0 = Debug|Any CPU
		{29A8C5FE-6F4F-4E1A-9E47-9301618839EF}.Release|Any CPU.ActiveCfg = Release|Any CPU
		{29A8C5FE-6F4F-4E1A-9E47-9301618839EF}.Release|Any CPU.Build.0 = Release|Any CPU
		{E3C65D4C-3D59-4778-BAA0-87E43BCCD866}.Debug|Any CPU.ActiveCfg = Debug|Any CPU
		{E3C65D4C-3D59-4778-BAA0-87E43BCCD866}.Debug|Any CPU.Build.0 = Debug|Any CPU
		{E3C65D4C-3D59-4778-BAA0-87E43BCCD866}.Release|Any CPU.ActiveCfg = Release|Any CPU
		{E3C65D4C-3D59-4778-BAA0-87E43BCCD866}.Release|Any CPU.Build.0 = Release|Any CPU
		{359ED7FA-EEE9-4CA5-BFF8-9AA7B6C0E3E2}.Debug|Any CPU.ActiveCfg = Debug|Any CPU
		{359ED7FA-EEE9-4CA5-BFF8-9AA7B6C0E3E2}.Debug|Any CPU.Build.0 = Debug|Any CPU
		{359ED7FA-EEE9-4CA5-BFF8-9AA7B6C0E3E2}.Release|Any CPU.ActiveCfg = Release|Any CPU
		{359ED7FA-EEE9-4CA5-BFF8-9AA7B6C0E3E2}.Release|Any CPU.Build.0 = Release|Any CPU
		{3EE5A708-5D27-427A-8C1F-8F79CD354D7C}.Debug|Any CPU.ActiveCfg = Debug|Any CPU
		{3EE5A708-5D27-427A-8C1F-8F79CD354D7C}.Debug|Any CPU.Build.0 = Debug|Any CPU
		{3EE5A708-5D27-427A-8C1F-8F79CD354D7C}.Release|Any CPU.ActiveCfg = Release|Any CPU
		{3EE5A708-5D27-427A-8C1F-8F79CD354D7C}.Release|Any CPU.Build.0 = Release|Any CPU
		{55F90B9C-084E-49FC-9D61-A638068886E2}.Debug|Any CPU.ActiveCfg = Debug|Any CPU
		{55F90B9C-084E-49FC-9D61-A638068886E2}.Debug|Any CPU.Build.0 = Debug|Any CPU
		{55F90B9C-084E-49FC-9D61-A638068886E2}.Release|Any CPU.ActiveCfg = Release|Any CPU
		{55F90B9C-084E-49FC-9D61-A638068886E2}.Release|Any CPU.Build.0 = Release|Any CPU
		{AE669C4D-FC6C-4E2F-8722-1D6FCE6FB0FD}.Debug|Any CPU.ActiveCfg = Debug|Any CPU
		{AE669C4D-FC6C-4E2F-8722-1D6FCE6FB0FD}.Debug|Any CPU.Build.0 = Debug|Any CPU
		{AE669C4D-FC6C-4E2F-8722-1D6FCE6FB0FD}.Release|Any CPU.ActiveCfg = Release|Any CPU
		{AE669C4D-FC6C-4E2F-8722-1D6FCE6FB0FD}.Release|Any CPU.Build.0 = Release|Any CPU
		{0CCE7288-4F07-4F5A-8160-ACC5E7988DF2}.Debug|Any CPU.ActiveCfg = Debug|Any CPU
		{0CCE7288-4F07-4F5A-8160-ACC5E7988DF2}.Debug|Any CPU.Build.0 = Debug|Any CPU
		{0CCE7288-4F07-4F5A-8160-ACC5E7988DF2}.Release|Any CPU.ActiveCfg = Release|Any CPU
		{0CCE7288-4F07-4F5A-8160-ACC5E7988DF2}.Release|Any CPU.Build.0 = Release|Any CPU
		{B0D7D099-6E7E-4476-A8FE-3573E5857BB6}.Debug|Any CPU.ActiveCfg = Debug|Any CPU
		{B0D7D099-6E7E-4476-A8FE-3573E5857BB6}.Debug|Any CPU.Build.0 = Debug|Any CPU
		{B0D7D099-6E7E-4476-A8FE-3573E5857BB6}.Release|Any CPU.ActiveCfg = Release|Any CPU
		{B0D7D099-6E7E-4476-A8FE-3573E5857BB6}.Release|Any CPU.Build.0 = Release|Any CPU
		{E914A67E-C3AC-45FB-9EDB-7062AE1C6E90}.Debug|Any CPU.ActiveCfg = Debug|Any CPU
		{E914A67E-C3AC-45FB-9EDB-7062AE1C6E90}.Debug|Any CPU.Build.0 = Debug|Any CPU
		{E914A67E-C3AC-45FB-9EDB-7062AE1C6E90}.Release|Any CPU.ActiveCfg = Release|Any CPU
		{E914A67E-C3AC-45FB-9EDB-7062AE1C6E90}.Release|Any CPU.Build.0 = Release|Any CPU
		{EB5E8EB5-7F0B-4BDB-8045-617718084B46}.Debug|Any CPU.ActiveCfg = Debug|Any CPU
		{EB5E8EB5-7F0B-4BDB-8045-617718084B46}.Debug|Any CPU.Build.0 = Debug|Any CPU
		{EB5E8EB5-7F0B-4BDB-8045-617718084B46}.Release|Any CPU.ActiveCfg = Release|Any CPU
		{EB5E8EB5-7F0B-4BDB-8045-617718084B46}.Release|Any CPU.Build.0 = Release|Any CPU
		{EC6D7327-9903-4738-B5F4-ECAF8F993AA0}.Debug|Any CPU.ActiveCfg = Debug|Any CPU
		{EC6D7327-9903-4738-B5F4-ECAF8F993AA0}.Debug|Any CPU.Build.0 = Debug|Any CPU
		{EC6D7327-9903-4738-B5F4-ECAF8F993AA0}.Release|Any CPU.ActiveCfg = Release|Any CPU
		{EC6D7327-9903-4738-B5F4-ECAF8F993AA0}.Release|Any CPU.Build.0 = Release|Any CPU
		{89797A6C-B555-4C60-8D7C-D80B5024217D}.Debug|Any CPU.ActiveCfg = Debug|Any CPU
		{89797A6C-B555-4C60-8D7C-D80B5024217D}.Debug|Any CPU.Build.0 = Debug|Any CPU
		{89797A6C-B555-4C60-8D7C-D80B5024217D}.Release|Any CPU.ActiveCfg = Release|Any CPU
		{89797A6C-B555-4C60-8D7C-D80B5024217D}.Release|Any CPU.Build.0 = Release|Any CPU
		{CDED4C89-4B14-4D77-8F6C-8E2889B706A0}.Debug|Any CPU.ActiveCfg = Debug|Any CPU
		{CDED4C89-4B14-4D77-8F6C-8E2889B706A0}.Debug|Any CPU.Build.0 = Debug|Any CPU
		{CDED4C89-4B14-4D77-8F6C-8E2889B706A0}.Release|Any CPU.ActiveCfg = Release|Any CPU
		{CDED4C89-4B14-4D77-8F6C-8E2889B706A0}.Release|Any CPU.Build.0 = Release|Any CPU
		{4087CC13-3279-4F7F-9723-4B86EC35FD39}.Debug|Any CPU.ActiveCfg = Debug|Any CPU
		{4087CC13-3279-4F7F-9723-4B86EC35FD39}.Debug|Any CPU.Build.0 = Debug|Any CPU
		{4087CC13-3279-4F7F-9723-4B86EC35FD39}.Release|Any CPU.ActiveCfg = Release|Any CPU
		{4087CC13-3279-4F7F-9723-4B86EC35FD39}.Release|Any CPU.Build.0 = Release|Any CPU
		{57A403A4-1351-4F87-AA20-F2DE7A54F4CF}.Debug|Any CPU.ActiveCfg = Debug|Any CPU
		{57A403A4-1351-4F87-AA20-F2DE7A54F4CF}.Debug|Any CPU.Build.0 = Debug|Any CPU
		{57A403A4-1351-4F87-AA20-F2DE7A54F4CF}.Release|Any CPU.ActiveCfg = Release|Any CPU
		{57A403A4-1351-4F87-AA20-F2DE7A54F4CF}.Release|Any CPU.Build.0 = Release|Any CPU
	EndGlobalSection
	GlobalSection(SolutionProperties) = preSolution
		HideSolutionNode = FALSE
	EndGlobalSection
	GlobalSection(NestedProjects) = preSolution
		{29A8C5FE-6F4F-4E1A-9E47-9301618839EF} = {CE4F5F83-8F08-4F26-A46D-52370701657D}
		{E3C65D4C-3D59-4778-BAA0-87E43BCCD866} = {4411F92C-9E5A-4C6B-9E1E-84AD9180DF08}
		{359ED7FA-EEE9-4CA5-BFF8-9AA7B6C0E3E2} = {B0D29453-EF11-404D-89B5-7B9D32D11B3F}
		{3EE5A708-5D27-427A-8C1F-8F79CD354D7C} = {B0D29453-EF11-404D-89B5-7B9D32D11B3F}
		{55F90B9C-084E-49FC-9D61-A638068886E2} = {B0D29453-EF11-404D-89B5-7B9D32D11B3F}
		{AE669C4D-FC6C-4E2F-8722-1D6FCE6FB0FD} = {777F05CE-DC73-46AE-BA0F-CCF368D381A1}
		{0CCE7288-4F07-4F5A-8160-ACC5E7988DF2} = {777F05CE-DC73-46AE-BA0F-CCF368D381A1}
		{B0D7D099-6E7E-4476-A8FE-3573E5857BB6} = {777F05CE-DC73-46AE-BA0F-CCF368D381A1}
		{E914A67E-C3AC-45FB-9EDB-7062AE1C6E90} = {DA7BE6FF-5E94-4000-9BD7-A7DA82EF224F}
		{DA7BE6FF-5E94-4000-9BD7-A7DA82EF224F} = {CE4F5F83-8F08-4F26-A46D-52370701657D}
		{EB5E8EB5-7F0B-4BDB-8045-617718084B46} = {DA7BE6FF-5E94-4000-9BD7-A7DA82EF224F}
		{EC6D7327-9903-4738-B5F4-ECAF8F993AA0} = {DA7BE6FF-5E94-4000-9BD7-A7DA82EF224F}
		{4411F92C-9E5A-4C6B-9E1E-84AD9180DF08} = {CE4F5F83-8F08-4F26-A46D-52370701657D}
		{89797A6C-B555-4C60-8D7C-D80B5024217D} = {4411F92C-9E5A-4C6B-9E1E-84AD9180DF08}
		{CDED4C89-4B14-4D77-8F6C-8E2889B706A0} = {DA7BE6FF-5E94-4000-9BD7-A7DA82EF224F}
		{4087CC13-3279-4F7F-9723-4B86EC35FD39} = {CE4F5F83-8F08-4F26-A46D-52370701657D}
		{57A403A4-1351-4F87-AA20-F2DE7A54F4CF} = {09B8CE32-CBCC-4ABB-9E80-EAFC581410AD}
	EndGlobalSection
	GlobalSection(ExtensibilityGlobals) = postSolution
		SolutionGuid = {10E5D329-1983-4C74-838B-CA0CFC4A2256}
	EndGlobalSection
EndGlobal
