
Microsoft Visual Studio Solution File, Format Version 12.00
# Visual Studio 14
VisualStudioVersion = 14.0.25420.1
MinimumVisualStudioVersion = 10.0.40219.1
Project("{FAE04EC0-301F-11D3-BF4B-00C04F79EFBC}") = "UserManagement.ConsoleApp", "UserManagement.ConsoleApp\UserManagement.ConsoleApp.csproj", "{780A6D07-6500-4EDF-842B-E8EEC0F6A6E6}"
EndProject
Project("{FAE04EC0-301F-11D3-BF4B-00C04F79EFBC}") = "UserManagement.Tests", "UserManagement.Tests\UserManagement.Tests.csproj", "{6C2B3465-F9C5-4605-A62A-40E835E1294E}"
EndProject
Global
	GlobalSection(SolutionConfigurationPlatforms) = preSolution
		Debug|Any CPU = Debug|Any CPU
		Release|Any CPU = Release|Any CPU
	EndGlobalSection
	GlobalSection(ProjectConfigurationPlatforms) = postSolution
		{780A6D07-6500-4EDF-842B-E8EEC0F6A6E6}.Debug|Any CPU.ActiveCfg = Debug|Any CPU
		{780A6D07-6500-4EDF-842B-E8EEC0F6A6E6}.Debug|Any CPU.Build.0 = Debug|Any CPU
		{780A6D07-6500-4EDF-842B-E8EEC0F6A6E6}.Release|Any CPU.ActiveCfg = Release|Any CPU
		{780A6D07-6500-4EDF-842B-E8EEC0F6A6E6}.Release|Any CPU.Build.0 = Release|Any CPU
		{6C2B3465-F9C5-4605-A62A-40E835E1294E}.Debug|Any CPU.ActiveCfg = Debug|Any CPU
		{6C2B3465-F9C5-4605-A62A-40E835E1294E}.Debug|Any CPU.Build.0 = Debug|Any CPU
		{6C2B3465-F9C5-4605-A62A-40E835E1294E}.Release|Any CPU.ActiveCfg = Release|Any CPU
		{6C2B3465-F9C5-4605-A62A-40E835E1294E}.Release|Any CPU.Build.0 = Release|Any CPU
	EndGlobalSection
	GlobalSection(SolutionProperties) = preSolution
		HideSolutionNode = FALSE
	EndGlobalSection
EndGlobal
