
Microsoft Visual Studio Solution File, Format Version 12.00
# Visual Studio 14
VisualStudioVersion = 14.0.25420.1
MinimumVisualStudioVersion = 10.0.40219.1
Project("{FAE04EC0-301F-11D3-BF4B-00C04F79EFBC}") = "Contacts.WPF", "Contacts.WPF\Contacts.WPF.csproj", "{2BB78FFA-2ACE-45BA-BA06-13F24FAF79E4}"
EndProject
Project("{FAE04EC0-301F-11D3-BF4B-00C04F79EFBC}") = "Contacts.DAL", "Contacts.DAL\Contacts.DAL.csproj", "{1B5B9966-FCC6-44F9-A3B1-1C4F28B1DC9D}"
EndProject
Project("{FAE04EC0-301F-11D3-BF4B-00C04F79EFBC}") = "Contacts.BL", "Contacts.BL\Contacts.BL.csproj", "{3CD1466D-445A-4394-83B7-E04EA75F625B}"
EndProject
Project("{FAE04EC0-301F-11D3-BF4B-00C04F79EFBC}") = "Contacts.MVVM.Framework", "Contacts.MVVM.Framework\Contacts.MVVM.Framework.csproj", "{6E1CEED5-24DF-4C86-A3DC-B0DA794D6C68}"
EndProject
Project("{FAE04EC0-301F-11D3-BF4B-00C04F79EFBC}") = "Contacts.ViewModels", "Contacts.ViewModels\Contacts.ViewModels.csproj", "{56760346-B4FA-4AAD-8057-65C4E7A552C4}"
EndProject
Project("{FAE04EC0-301F-11D3-BF4B-00C04F79EFBC}") = "Contacts.MapperConfig", "Contacts.MapperConfig\Contacts.MapperConfig.csproj", "{10C70E16-C8E3-4AF2-924D-34AE906DBA1F}"
EndProject
Project("{2150E333-8FDC-42A3-9474-1A3956D46DE8}") = "Tests", "Tests", "{615331DC-F6E1-4374-B274-1A7D42B19331}"
EndProject
Project("{FAE04EC0-301F-11D3-BF4B-00C04F79EFBC}") = "Contacts.MVVM.Framework.Tests", "Tests\Contacts.MVVM.Framework.Tests\Contacts.MVVM.Framework.Tests.csproj", "{18D595B7-6012-4981-B1BA-EC261A51BE48}"
EndProject
Project("{FAE04EC0-301F-11D3-BF4B-00C04F79EFBC}") = "Contacts.ViewModels.Tests", "Tests\Contacts.ViewModels.Tests\Contacts.ViewModels.Tests.csproj", "{9C90F07F-77DA-4833-AF81-BA5A6A2CA3C7}"
EndProject
Global
	GlobalSection(SolutionConfigurationPlatforms) = preSolution
		Debug|Any CPU = Debug|Any CPU
		Release|Any CPU = Release|Any CPU
	EndGlobalSection
	GlobalSection(ProjectConfigurationPlatforms) = postSolution
		{2BB78FFA-2ACE-45BA-BA06-13F24FAF79E4}.Debug|Any CPU.ActiveCfg = Debug|Any CPU
		{2BB78FFA-2ACE-45BA-BA06-13F24FAF79E4}.Debug|Any CPU.Build.0 = Debug|Any CPU
		{2BB78FFA-2ACE-45BA-BA06-13F24FAF79E4}.Release|Any CPU.ActiveCfg = Release|Any CPU
		{2BB78FFA-2ACE-45BA-BA06-13F24FAF79E4}.Release|Any CPU.Build.0 = Release|Any CPU
		{1B5B9966-FCC6-44F9-A3B1-1C4F28B1DC9D}.Debug|Any CPU.ActiveCfg = Debug|Any CPU
		{1B5B9966-FCC6-44F9-A3B1-1C4F28B1DC9D}.Debug|Any CPU.Build.0 = Debug|Any CPU
		{1B5B9966-FCC6-44F9-A3B1-1C4F28B1DC9D}.Release|Any CPU.ActiveCfg = Release|Any CPU
		{1B5B9966-FCC6-44F9-A3B1-1C4F28B1DC9D}.Release|Any CPU.Build.0 = Release|Any CPU
		{3CD1466D-445A-4394-83B7-E04EA75F625B}.Debug|Any CPU.ActiveCfg = Debug|Any CPU
		{3CD1466D-445A-4394-83B7-E04EA75F625B}.Debug|Any CPU.Build.0 = Debug|Any CPU
		{3CD1466D-445A-4394-83B7-E04EA75F625B}.Release|Any CPU.ActiveCfg = Release|Any CPU
		{3CD1466D-445A-4394-83B7-E04EA75F625B}.Release|Any CPU.Build.0 = Release|Any CPU
		{6E1CEED5-24DF-4C86-A3DC-B0DA794D6C68}.Debug|Any CPU.ActiveCfg = Debug|Any CPU
		{6E1CEED5-24DF-4C86-A3DC-B0DA794D6C68}.Debug|Any CPU.Build.0 = Debug|Any CPU
		{6E1CEED5-24DF-4C86-A3DC-B0DA794D6C68}.Release|Any CPU.ActiveCfg = Release|Any CPU
		{6E1CEED5-24DF-4C86-A3DC-B0DA794D6C68}.Release|Any CPU.Build.0 = Release|Any CPU
		{56760346-B4FA-4AAD-8057-65C4E7A552C4}.Debug|Any CPU.ActiveCfg = Debug|Any CPU
		{56760346-B4FA-4AAD-8057-65C4E7A552C4}.Debug|Any CPU.Build.0 = Debug|Any CPU
		{56760346-B4FA-4AAD-8057-65C4E7A552C4}.Release|Any CPU.ActiveCfg = Release|Any CPU
		{56760346-B4FA-4AAD-8057-65C4E7A552C4}.Release|Any CPU.Build.0 = Release|Any CPU
		{10C70E16-C8E3-4AF2-924D-34AE906DBA1F}.Debug|Any CPU.ActiveCfg = Debug|Any CPU
		{10C70E16-C8E3-4AF2-924D-34AE906DBA1F}.Debug|Any CPU.Build.0 = Debug|Any CPU
		{10C70E16-C8E3-4AF2-924D-34AE906DBA1F}.Release|Any CPU.ActiveCfg = Release|Any CPU
		{10C70E16-C8E3-4AF2-924D-34AE906DBA1F}.Release|Any CPU.Build.0 = Release|Any CPU
		{18D595B7-6012-4981-B1BA-EC261A51BE48}.Debug|Any CPU.ActiveCfg = Debug|Any CPU
		{18D595B7-6012-4981-B1BA-EC261A51BE48}.Debug|Any CPU.Build.0 = Debug|Any CPU
		{18D595B7-6012-4981-B1BA-EC261A51BE48}.Release|Any CPU.ActiveCfg = Release|Any CPU
		{18D595B7-6012-4981-B1BA-EC261A51BE48}.Release|Any CPU.Build.0 = Release|Any CPU
		{9C90F07F-77DA-4833-AF81-BA5A6A2CA3C7}.Debug|Any CPU.ActiveCfg = Debug|Any CPU
		{9C90F07F-77DA-4833-AF81-BA5A6A2CA3C7}.Debug|Any CPU.Build.0 = Debug|Any CPU
		{9C90F07F-77DA-4833-AF81-BA5A6A2CA3C7}.Release|Any CPU.ActiveCfg = Release|Any CPU
		{9C90F07F-77DA-4833-AF81-BA5A6A2CA3C7}.Release|Any CPU.Build.0 = Release|Any CPU
	EndGlobalSection
	GlobalSection(SolutionProperties) = preSolution
		HideSolutionNode = FALSE
	EndGlobalSection
	GlobalSection(NestedProjects) = preSolution
		{18D595B7-6012-4981-B1BA-EC261A51BE48} = {615331DC-F6E1-4374-B274-1A7D42B19331}
		{9C90F07F-77DA-4833-AF81-BA5A6A2CA3C7} = {615331DC-F6E1-4374-B274-1A7D42B19331}
	EndGlobalSection
EndGlobal
