
Microsoft Visual Studio Solution File, Format Version 12.00
# Visual Studio Version 17
VisualStudioVersion = 17.0.31423.177
MinimumVisualStudioVersion = 10.0.40219.1
Project("{9A19103F-16F7-4668-BE54-9A1E7A4F7556}") = "CookBook.Api.BL", "CookBook.Api.BL\CookBook.Api.BL.csproj", "{E3C65D4C-3D59-4778-BAA0-87E43BCCD866}"
EndProject
Project("{9A19103F-16F7-4668-BE54-9A1E7A4F7556}") = "CookBook.Common", "CookBook.Common\CookBook.Common.csproj", "{359ED7FA-EEE9-4CA5-BFF8-9AA7B6C0E3E2}"
EndProject
Project("{9A19103F-16F7-4668-BE54-9A1E7A4F7556}") = "CookBook.Common.BL", "CookBook.Common.BL\CookBook.Common.BL.csproj", "{3EE5A708-5D27-427A-8C1F-8F79CD354D7C}"
EndProject
Project("{2150E333-8FDC-42A3-9474-1A3956D46DE8}") = "Common", "Common", "{B0D29453-EF11-404D-89B5-7B9D32D11B3F}"
EndProject
Project("{9A19103F-16F7-4668-BE54-9A1E7A4F7556}") = "CookBook.Common.Models", "CookBook.Common.Models\CookBook.Common.Models.csproj", "{55F90B9C-084E-49FC-9D61-A638068886E2}"
EndProject
Project("{9A19103F-16F7-4668-BE54-9A1E7A4F7556}") = "CookBook.Api.DAL.Memory", "CookBook.Api.DAL.Memory\CookBook.Api.DAL.Memory.csproj", "{E914A67E-C3AC-45FB-9EDB-7062AE1C6E90}"
EndProject
Project("{2150E333-8FDC-42A3-9474-1A3956D46DE8}") = "Solution Items", "Solution Items", "{1B830E23-DE7F-451B-B5CC-EB70A66AD6BB}"
	ProjectSection(SolutionItems) = preProject
		.editorconfig = .editorconfig
	EndProjectSection
EndProject
Project("{2150E333-8FDC-42A3-9474-1A3956D46DE8}") = "DAL", "DAL", "{DA7BE6FF-5E94-4000-9BD7-A7DA82EF224F}"
EndProject
Project("{9A19103F-16F7-4668-BE54-9A1E7A4F7556}") = "CookBook.Api.DAL.Common", "CookBook.Api.DAL.Common\CookBook.Api.DAL.Common.csproj", "{EB5E8EB5-7F0B-4BDB-8045-617718084B46}"
EndProject
Project("{9A19103F-16F7-4668-BE54-9A1E7A4F7556}") = "CookBook.Api.DAL.EF", "CookBook.Api.DAL.EF\CookBook.Api.DAL.EF.csproj", "{EC6D7327-9903-4738-B5F4-ECAF8F993AA0}"
EndProject
Project("{9A19103F-16F7-4668-BE54-9A1E7A4F7556}") = "CookBook.MinimalApi.App", "CookBook.MinimalApi.App\CookBook.MinimalApi.App.csproj", "{D7F9EBCB-0745-402A-A648-5831004AFADA}"
EndProject
Project("{2150E333-8FDC-42A3-9474-1A3956D46DE8}") = "Api", "Api", "{6E80E4A5-884D-4236-A912-5F6999EC2022}"
EndProject
Global
	GlobalSection(SolutionConfigurationPlatforms) = preSolution
		Debug|Any CPU = Debug|Any CPU
		Release|Any CPU = Release|Any CPU
	EndGlobalSection
	GlobalSection(ProjectConfigurationPlatforms) = postSolution
		{E3C65D4C-3D59-4778-BAA0-87E43BCCD866}.Debug|Any CPU.ActiveCfg = Debug|Any CPU
		{E3C65D4C-3D59-4778-BAA0-87E43BCCD866}.Debug|Any CPU.Build.0 = Debug|Any CPU
		{E3C65D4C-3D59-4778-BAA0-87E43BCCD866}.Release|Any CPU.ActiveCfg = Release|Any CPU
		{E3C65D4C-3D59-4778-BAA0-87E43BCCD866}.Release|Any CPU.Build.0 = Release|Any CPU
		{359ED7FA-EEE9-4CA5-BFF8-9AA7B6C0E3E2}.Debug|Any CPU.ActiveCfg = Debug|Any CPU
		{359ED7FA-EEE9-4CA5-BFF8-9AA7B6C0E3E2}.Debug|Any CPU.Build.0 = Debug|Any CPU
		{359ED7FA-EEE9-4CA5-BFF8-9AA7B6C0E3E2}.Release|Any CPU.ActiveCfg = Release|Any CPU
		{359ED7FA-EEE9-4CA5-BFF8-9AA7B6C0E3E2}.Release|Any CPU.Build.0 = Release|Any CPU
		{3EE5A708-5D27-427A-8C1F-8F79CD354D7C}.Debug|Any CPU.ActiveCfg = Debug|Any CPU
		{3EE5A708-5D27-427A-8C1F-8F79CD354D7C}.Debug|Any CPU.Build.0 = Debug|Any CPU
		{3EE5A708-5D27-427A-8C1F-8F79CD354D7C}.Release|Any CPU.ActiveCfg = Release|Any CPU
		{3EE5A708-5D27-427A-8C1F-8F79CD354D7C}.Release|Any CPU.Build.0 = Release|Any CPU
		{55F90B9C-084E-49FC-9D61-A638068886E2}.Debug|Any CPU.ActiveCfg = Debug|Any CPU
		{55F90B9C-084E-49FC-9D61-A638068886E2}.Debug|Any CPU.Build.0 = Debug|Any CPU
		{55F90B9C-084E-49FC-9D61-A638068886E2}.Release|Any CPU.ActiveCfg = Release|Any CPU
		{55F90B9C-084E-49FC-9D61-A638068886E2}.Release|Any CPU.Build.0 = Release|Any CPU
		{E914A67E-C3AC-45FB-9EDB-7062AE1C6E90}.Debug|Any CPU.ActiveCfg = Debug|Any CPU
		{E914A67E-C3AC-45FB-9EDB-7062AE1C6E90}.Debug|Any CPU.Build.0 = Debug|Any CPU
		{E914A67E-C3AC-45FB-9EDB-7062AE1C6E90}.Release|Any CPU.ActiveCfg = Release|Any CPU
		{E914A67E-C3AC-45FB-9EDB-7062AE1C6E90}.Release|Any CPU.Build.0 = Release|Any CPU
		{EB5E8EB5-7F0B-4BDB-8045-617718084B46}.Debug|Any CPU.ActiveCfg = Debug|Any CPU
		{EB5E8EB5-7F0B-4BDB-8045-617718084B46}.Debug|Any CPU.Build.0 = Debug|Any CPU
		{EB5E8EB5-7F0B-4BDB-8045-617718084B46}.Release|Any CPU.ActiveCfg = Release|Any CPU
		{EB5E8EB5-7F0B-4BDB-8045-617718084B46}.Release|Any CPU.Build.0 = Release|Any CPU
		{EC6D7327-9903-4738-B5F4-ECAF8F993AA0}.Debug|Any CPU.ActiveCfg = Debug|Any CPU
		{EC6D7327-9903-4738-B5F4-ECAF8F993AA0}.Debug|Any CPU.Build.0 = Debug|Any CPU
		{EC6D7327-9903-4738-B5F4-ECAF8F993AA0}.Release|Any CPU.ActiveCfg = Release|Any CPU
		{EC6D7327-9903-4738-B5F4-ECAF8F993AA0}.Release|Any CPU.Build.0 = Release|Any CPU
		{D7F9EBCB-0745-402A-A648-5831004AFADA}.Debug|Any CPU.ActiveCfg = Debug|Any CPU
		{D7F9EBCB-0745-402A-A648-5831004AFADA}.Debug|Any CPU.Build.0 = Debug|Any CPU
		{D7F9EBCB-0745-402A-A648-5831004AFADA}.Release|Any CPU.ActiveCfg = Release|Any CPU
		{D7F9EBCB-0745-402A-A648-5831004AFADA}.Release|Any CPU.Build.0 = Release|Any CPU
	EndGlobalSection
	GlobalSection(SolutionProperties) = preSolution
		HideSolutionNode = FALSE
	EndGlobalSection
	GlobalSection(NestedProjects) = preSolution
		{E3C65D4C-3D59-4778-BAA0-87E43BCCD866} = {6E80E4A5-884D-4236-A912-5F6999EC2022}
		{359ED7FA-EEE9-4CA5-BFF8-9AA7B6C0E3E2} = {B0D29453-EF11-404D-89B5-7B9D32D11B3F}
		{3EE5A708-5D27-427A-8C1F-8F79CD354D7C} = {B0D29453-EF11-404D-89B5-7B9D32D11B3F}
		{55F90B9C-084E-49FC-9D61-A638068886E2} = {B0D29453-EF11-404D-89B5-7B9D32D11B3F}
		{E914A67E-C3AC-45FB-9EDB-7062AE1C6E90} = {DA7BE6FF-5E94-4000-9BD7-A7DA82EF224F}
		{DA7BE6FF-5E94-4000-9BD7-A7DA82EF224F} = {6E80E4A5-884D-4236-A912-5F6999EC2022}
		{EB5E8EB5-7F0B-4BDB-8045-617718084B46} = {DA7BE6FF-5E94-4000-9BD7-A7DA82EF224F}
		{EC6D7327-9903-4738-B5F4-ECAF8F993AA0} = {DA7BE6FF-5E94-4000-9BD7-A7DA82EF224F}
		{D7F9EBCB-0745-402A-A648-5831004AFADA} = {6E80E4A5-884D-4236-A912-5F6999EC2022}
	EndGlobalSection
	GlobalSection(ExtensibilityGlobals) = postSolution
		SolutionGuid = {10E5D329-1983-4C74-838B-CA0CFC4A2256}
	EndGlobalSection
EndGlobal
