
Microsoft Visual Studio Solution File, Format Version 12.00
# Visual Studio 15
VisualStudioVersion = 15.0.27428.1
MinimumVisualStudioVersion = 10.0.40219.1
Project("{FAE04EC0-301F-11D3-BF4B-00C04F79EFBC}") = "HelloWPF", "HelloWPF\HelloWPF.csproj", "{197617C2-51C9-4262-8F95-EC5D2A43DA1B}"
EndProject
Project("{2150E333-8FDC-42A3-9474-1A3956D46DE8}") = "Solution Items", "Solution Items", "{3C00AB65-55D4-4906-B72A-0C101DB362B5}"
	ProjectSection(SolutionItems) = preProject
		DemoWPF.docx = DemoWPF.docx
		DemoWPF.pdf = DemoWPF.pdf
		PITCHME.md = PITCHME.md
		PITCHME.yaml = PITCHME.yaml
		README.md = README.md
	EndProjectSection
EndProject
Project("{FAE04EC0-301F-11D3-BF4B-00C04F79EFBC}") = "DemoWPF", "DemoWPF\DemoWPF.csproj", "{7E20A114-37B1-4D94-9E6E-DEDDD4CFEEB3}"
EndProject
Global
	GlobalSection(SolutionConfigurationPlatforms) = preSolution
		Debug|Any CPU = Debug|Any CPU
		Release|Any CPU = Release|Any CPU
	EndGlobalSection
	GlobalSection(ProjectConfigurationPlatforms) = postSolution
		{197617C2-51C9-4262-8F95-EC5D2A43DA1B}.Debug|Any CPU.ActiveCfg = Debug|Any CPU
		{197617C2-51C9-4262-8F95-EC5D2A43DA1B}.Debug|Any CPU.Build.0 = Debug|Any CPU
		{197617C2-51C9-4262-8F95-EC5D2A43DA1B}.Release|Any CPU.ActiveCfg = Release|Any CPU
		{197617C2-51C9-4262-8F95-EC5D2A43DA1B}.Release|Any CPU.Build.0 = Release|Any CPU
		{7E20A114-37B1-4D94-9E6E-DEDDD4CFEEB3}.Debug|Any CPU.ActiveCfg = Debug|Any CPU
		{7E20A114-37B1-4D94-9E6E-DEDDD4CFEEB3}.Debug|Any CPU.Build.0 = Debug|Any CPU
		{7E20A114-37B1-4D94-9E6E-DEDDD4CFEEB3}.Release|Any CPU.ActiveCfg = Release|Any CPU
		{7E20A114-37B1-4D94-9E6E-DEDDD4CFEEB3}.Release|Any CPU.Build.0 = Release|Any CPU
	EndGlobalSection
	GlobalSection(SolutionProperties) = preSolution
		HideSolutionNode = FALSE
	EndGlobalSection
	GlobalSection(ExtensibilityGlobals) = postSolution
		SolutionGuid = {8327A9F9-8218-4F45-A3CE-B45433C7507E}
	EndGlobalSection
EndGlobal
